
Microsoft Visual Studio Solution File, Format Version 12.00
# Visual Studio Version 17
VisualStudioVersion = 17.5.33627.172
MinimumVisualStudioVersion = 10.0.40219.1
Project("{FAE04EC0-301F-11D3-BF4B-00C04F79EFBC}") = "TodoList", "TodoList\TodoList.csproj", "{9A9CEA0F-CEF4-4D71-9628-0AC3B5E19207}"
EndProject
Global
	GlobalSection(SolutionConfigurationPlatforms) = preSolution
		Debug|Any CPU = Debug|Any CPU
		Release|Any CPU = Release|Any CPU
	EndGlobalSection
	GlobalSection(ProjectConfigurationPlatforms) = postSolution
		{9A9CEA0F-CEF4-4D71-9628-0AC3B5E19207}.Debug|Any CPU.ActiveCfg = Debug|Any CPU
		{9A9CEA0F-CEF4-4D71-9628-0AC3B5E19207}.Debug|Any CPU.Build.0 = Debug|Any CPU
		{9A9CEA0F-CEF4-4D71-9628-0AC3B5E19207}.Release|Any CPU.ActiveCfg = Release|Any CPU
		{9A9CEA0F-CEF4-4D71-9628-0AC3B5E19207}.Release|Any CPU.Build.0 = Release|Any CPU
	EndGlobalSection
	GlobalSection(SolutionProperties) = preSolution
		HideSolutionNode = FALSE
	EndGlobalSection
	GlobalSection(ExtensibilityGlobals) = postSolution
		SolutionGuid = {31382769-47BC-4E2E-9FA7-A86B52B4335A}
	EndGlobalSection
EndGlobal
